{
  "name": "hello-effect",
  "version": "1.0.0",
  "lockfileVersion": 2,
  "requires": true,
  "packages": {
    "": {
      "name": "hello-effect",
      "version": "1.0.0",
      "license": "ISC",
      "dependencies": {
        "@effect/data": "^0.14.1",
        "@effect/io": "^0.32.1"
      },
      "devDependencies": {
        "typescript": "^5.1.6"
      }
    },
    "node_modules/@effect/data": {
      "version": "0.14.1",
      "resolved": "https://registry.npmjs.org/@effect/data/-/data-0.14.1.tgz",
      "integrity": "sha512-MV6nI65oYcm8eZHnC0GnwXdY2tvybeb2lKCVFg+j/R5KptCKaunc0hXtPaXUSZiRgKJNxRRoHGtNzR+dZ/yiiA=="
    },
    "node_modules/@effect/io": {
      "version": "0.32.1",
      "resolved": "https://registry.npmjs.org/@effect/io/-/io-0.32.1.tgz",
      "integrity": "sha512-0KkqeJKU4Y2YBAi9RmCJkqABp6ZpxXXkZA1WnhbiVdIPaV+Izp4Ek2wJsnL+CnOzg/gJJ6DTPLLQVXuSz+Pu8Q==",
      "dependencies": {
        "@effect/data": "^0.14.1"
      }
    },
    "node_modules/typescript": {
      "version": "5.1.6",
      "resolved": "https://registry.npmjs.org/typescript/-/typescript-5.1.6.tgz",
      "integrity": "sha512-zaWCozRZ6DLEWAWFrVDz1H6FVXzUSfTy5FUMWsQlU8Ym5JP9eO4xkTIROFCQvhQf61z6O/G6ugw3SgAnvvm+HA==",
      "dev": true,
      "bin": {
        "tsc": "bin/tsc",
        "tsserver": "bin/tsserver"
      },
      "engines": {
        "node": ">=14.17"
      }
    }
  },
  "dependencies": {
    "@effect/data": {
      "version": "0.14.1",
      "resolved": "https://registry.npmjs.org/@effect/data/-/data-0.14.1.tgz",
      "integrity": "sha512-MV6nI65oYcm8eZHnC0GnwXdY2tvybeb2lKCVFg+j/R5KptCKaunc0hXtPaXUSZiRgKJNxRRoHGtNzR+dZ/yiiA=="
    },
    "@effect/io": {
      "version": "0.32.1",
      "resolved": "https://registry.npmjs.org/@effect/io/-/io-0.32.1.tgz",
      "integrity": "sha512-0KkqeJKU4Y2YBAi9RmCJkqABp6ZpxXXkZA1WnhbiVdIPaV+Izp4Ek2wJsnL+CnOzg/gJJ6DTPLLQVXuSz+Pu8Q==",
      "requires": {
        "@effect/data": "^0.14.1"
      }
    },
    "typescript": {
      "version": "5.1.6",
      "resolved": "https://registry.npmjs.org/typescript/-/typescript-5.1.6.tgz",
      "integrity": "sha512-zaWCozRZ6DLEWAWFrVDz1H6FVXzUSfTy5FUMWsQlU8Ym5JP9eO4xkTIROFCQvhQf61z6O/G6ugw3SgAnvvm+HA==",
      "dev": true
    }
  }
}
